// !$*UTF8*$!
{
	archiveVersion = 1;
	classes = {
	};
	objectVersion = 55;
	objects = {

/* Begin PBXBuildFile section */
		2FBEE3B02090BAF4AA1F85C9 /* Pods_PruebaTecnicaIOSCatsApi.framework in Frameworks */ = {isa = PBXBuildFile; fileRef = 5AE58B9B595D25630A333A30 /* Pods_PruebaTecnicaIOSCatsApi.framework */; };
		9E50A8572889D28200806479 /* AppDelegate.swift in Sources */ = {isa = PBXBuildFile; fileRef = 9E50A8562889D28200806479 /* AppDelegate.swift */; };
		9E50A8592889D28200806479 /* SceneDelegate.swift in Sources */ = {isa = PBXBuildFile; fileRef = 9E50A8582889D28200806479 /* SceneDelegate.swift */; };
		9E50A85E2889D28200806479 /* Main.storyboard in Resources */ = {isa = PBXBuildFile; fileRef = 9E50A85C2889D28200806479 /* Main.storyboard */; };
		9E50A8602889D28500806479 /* Assets.xcassets in Resources */ = {isa = PBXBuildFile; fileRef = 9E50A85F2889D28500806479 /* Assets.xcassets */; };
		9E50A8632889D28500806479 /* LaunchScreen.storyboard in Resources */ = {isa = PBXBuildFile; fileRef = 9E50A8612889D28500806479 /* LaunchScreen.storyboard */; };
		9E50A86B2889D87B00806479 /* HomeViewController.swift in Sources */ = {isa = PBXBuildFile; fileRef = 9E50A86A2889D87B00806479 /* HomeViewController.swift */; };
		9E50A8712889E66B00806479 /* Cat.swift in Sources */ = {isa = PBXBuildFile; fileRef = 9E50A8702889E66B00806479 /* Cat.swift */; };
		9E50A8742889E8F400806479 /* APIManager.swift in Sources */ = {isa = PBXBuildFile; fileRef = 9E50A8732889E8F400806479 /* APIManager.swift */; };
		9E50A8772889F7D600806479 /* VotingView.swift in Sources */ = {isa = PBXBuildFile; fileRef = 9E50A8762889F7D600806479 /* VotingView.swift */; };
		9E50A8792889FC4700806479 /* VotingViewModel.swift in Sources */ = {isa = PBXBuildFile; fileRef = 9E50A8782889FC4700806479 /* VotingViewModel.swift */; };
		9E50A87E288A40A200806479 /* SavedBreedsViewController.swift in Sources */ = {isa = PBXBuildFile; fileRef = 9E50A87D288A40A200806479 /* SavedBreedsViewController.swift */; };
		9E50A883288A481500806479 /* BreedCell.swift in Sources */ = {isa = PBXBuildFile; fileRef = 9E50A882288A481500806479 /* BreedCell.swift */; };
		9E50A885288A48C900806479 /* BreedCellViewModel.swift in Sources */ = {isa = PBXBuildFile; fileRef = 9E50A884288A48C900806479 /* BreedCellViewModel.swift */; };
		9EA53FAC288B1AC3004F7674 /* LocalState.swift in Sources */ = {isa = PBXBuildFile; fileRef = 9EA53FAB288B1AC3004F7674 /* LocalState.swift */; };
		9EA53FAE288B2D74004F7674 /* BreedsStore.swift in Sources */ = {isa = PBXBuildFile; fileRef = 9EA53FAD288B2D74004F7674 /* BreedsStore.swift */; };
		9EE5229D288F1A0E00F54439 /* DetailSavedBreedsViewController.swift in Sources */ = {isa = PBXBuildFile; fileRef = 9EE5229C288F1A0E00F54439 /* DetailSavedBreedsViewController.swift */; };
		9EE5229F288F207600F54439 /* Date+Utils.swift in Sources */ = {isa = PBXBuildFile; fileRef = 9EE5229E288F207600F54439 /* Date+Utils.swift */; };
/* End PBXBuildFile section */

/* Begin PBXFileReference section */
		5AE58B9B595D25630A333A30 /* Pods_PruebaTecnicaIOSCatsApi.framework */ = {isa = PBXFileReference; explicitFileType = wrapper.framework; includeInIndex = 0; path = Pods_PruebaTecnicaIOSCatsApi.framework; sourceTree = BUILT_PRODUCTS_DIR; };
		8206B137EA8115DB9799AF45 /* Pods-PruebaTecnicaIOSCatsApi.release.xcconfig */ = {isa = PBXFileReference; includeInIndex = 1; lastKnownFileType = text.xcconfig; name = "Pods-PruebaTecnicaIOSCatsApi.release.xcconfig"; path = "Target Support Files/Pods-PruebaTecnicaIOSCatsApi/Pods-PruebaTecnicaIOSCatsApi.release.xcconfig"; sourceTree = "<group>"; };
		9E50A8532889D28200806479 /* PruebaTecnicaIOSCatsApi.app */ = {isa = PBXFileReference; explicitFileType = wrapper.application; includeInIndex = 0; path = PruebaTecnicaIOSCatsApi.app; sourceTree = BUILT_PRODUCTS_DIR; };
		9E50A8562889D28200806479 /* AppDelegate.swift */ = {isa = PBXFileReference; lastKnownFileType = sourcecode.swift; path = AppDelegate.swift; sourceTree = "<group>"; };
		9E50A8582889D28200806479 /* SceneDelegate.swift */ = {isa = PBXFileReference; lastKnownFileType = sourcecode.swift; path = SceneDelegate.swift; sourceTree = "<group>"; };
		9E50A85D2889D28200806479 /* Base */ = {isa = PBXFileReference; lastKnownFileType = file.storyboard; name = Base; path = Base.lproj/Main.storyboard; sourceTree = "<group>"; };
		9E50A85F2889D28500806479 /* Assets.xcassets */ = {isa = PBXFileReference; lastKnownFileType = folder.assetcatalog; path = Assets.xcassets; sourceTree = "<group>"; };
		9E50A8622889D28500806479 /* Base */ = {isa = PBXFileReference; lastKnownFileType = file.storyboard; name = Base; path = Base.lproj/LaunchScreen.storyboard; sourceTree = "<group>"; };
		9E50A8642889D28500806479 /* Info.plist */ = {isa = PBXFileReference; lastKnownFileType = text.plist.xml; path = Info.plist; sourceTree = "<group>"; };
		9E50A86A2889D87B00806479 /* HomeViewController.swift */ = {isa = PBXFileReference; lastKnownFileType = sourcecode.swift; path = HomeViewController.swift; sourceTree = "<group>"; };
		9E50A8702889E66B00806479 /* Cat.swift */ = {isa = PBXFileReference; lastKnownFileType = sourcecode.swift; path = Cat.swift; sourceTree = "<group>"; };
		9E50A8732889E8F400806479 /* APIManager.swift */ = {isa = PBXFileReference; lastKnownFileType = sourcecode.swift; path = APIManager.swift; sourceTree = "<group>"; };
		9E50A8762889F7D600806479 /* VotingView.swift */ = {isa = PBXFileReference; lastKnownFileType = sourcecode.swift; path = VotingView.swift; sourceTree = "<group>"; };
		9E50A8782889FC4700806479 /* VotingViewModel.swift */ = {isa = PBXFileReference; lastKnownFileType = sourcecode.swift; path = VotingViewModel.swift; sourceTree = "<group>"; };
		9E50A87D288A40A200806479 /* SavedBreedsViewController.swift */ = {isa = PBXFileReference; lastKnownFileType = sourcecode.swift; path = SavedBreedsViewController.swift; sourceTree = "<group>"; };
		9E50A882288A481500806479 /* BreedCell.swift */ = {isa = PBXFileReference; lastKnownFileType = sourcecode.swift; path = BreedCell.swift; sourceTree = "<group>"; };
		9E50A884288A48C900806479 /* BreedCellViewModel.swift */ = {isa = PBXFileReference; lastKnownFileType = sourcecode.swift; path = BreedCellViewModel.swift; sourceTree = "<group>"; };
		9EA53FAB288B1AC3004F7674 /* LocalState.swift */ = {isa = PBXFileReference; lastKnownFileType = sourcecode.swift; path = LocalState.swift; sourceTree = "<group>"; };
		9EA53FAD288B2D74004F7674 /* BreedsStore.swift */ = {isa = PBXFileReference; lastKnownFileType = sourcecode.swift; path = BreedsStore.swift; sourceTree = "<group>"; };
		9EE5229C288F1A0E00F54439 /* DetailSavedBreedsViewController.swift */ = {isa = PBXFileReference; lastKnownFileType = sourcecode.swift; path = DetailSavedBreedsViewController.swift; sourceTree = "<group>"; };
		9EE5229E288F207600F54439 /* Date+Utils.swift */ = {isa = PBXFileReference; lastKnownFileType = sourcecode.swift; path = "Date+Utils.swift"; sourceTree = "<group>"; };
		B33D212336C6969440111A38 /* Pods-PruebaTecnicaIOSCatsApi.debug.xcconfig */ = {isa = PBXFileReference; includeInIndex = 1; lastKnownFileType = text.xcconfig; name = "Pods-PruebaTecnicaIOSCatsApi.debug.xcconfig"; path = "Target Support Files/Pods-PruebaTecnicaIOSCatsApi/Pods-PruebaTecnicaIOSCatsApi.debug.xcconfig"; sourceTree = "<group>"; };
/* End PBXFileReference section */

/* Begin PBXFrameworksBuildPhase section */
		9E50A8502889D28200806479 /* Frameworks */ = {
			isa = PBXFrameworksBuildPhase;
			buildActionMask = 2147483647;
			files = (
				2FBEE3B02090BAF4AA1F85C9 /* Pods_PruebaTecnicaIOSCatsApi.framework in Frameworks */,
			);
			runOnlyForDeploymentPostprocessing = 0;
		};
/* End PBXFrameworksBuildPhase section */

/* Begin PBXGroup section */
		2873C53149F7A2BC6282A6F7 /* Pods */ = {
			isa = PBXGroup;
			children = (
				B33D212336C6969440111A38 /* Pods-PruebaTecnicaIOSCatsApi.debug.xcconfig */,
				8206B137EA8115DB9799AF45 /* Pods-PruebaTecnicaIOSCatsApi.release.xcconfig */,
			);
			path = Pods;
			sourceTree = "<group>";
		};
		9E50A84A2889D28100806479 = {
			isa = PBXGroup;
			children = (
				9E50A8552889D28200806479 /* PruebaTecnicaIOSCatsApi */,
				9E50A8542889D28200806479 /* Products */,
				2873C53149F7A2BC6282A6F7 /* Pods */,
				C2E510F2D4DD94AEE689BE0A /* Frameworks */,
			);
			sourceTree = "<group>";
		};
		9E50A8542889D28200806479 /* Products */ = {
			isa = PBXGroup;
			children = (
				9E50A8532889D28200806479 /* PruebaTecnicaIOSCatsApi.app */,
			);
			name = Products;
			sourceTree = "<group>";
		};
		9E50A8552889D28200806479 /* PruebaTecnicaIOSCatsApi */ = {
			isa = PBXGroup;
			children = (
				9EE522A0288F815900F54439 /* Utils */,
				9E50A87C288A119300806479 /* Delegates */,
				9E50A8722889E8E300806479 /* Networking */,
				9E50A86F2889E65800806479 /* Model */,
				9E50A86E2889E64D00806479 /* Controllers */,
				9E50A8752889F7B900806479 /* Views */,
				9E50A85C2889D28200806479 /* Main.storyboard */,
				9E50A85F2889D28500806479 /* Assets.xcassets */,
				9E50A8612889D28500806479 /* LaunchScreen.storyboard */,
				9E50A8642889D28500806479 /* Info.plist */,
			);
			path = PruebaTecnicaIOSCatsApi;
			sourceTree = "<group>";
		};
		9E50A86E2889E64D00806479 /* Controllers */ = {
			isa = PBXGroup;
			children = (
				9E50A86A2889D87B00806479 /* HomeViewController.swift */,
				9E50A87D288A40A200806479 /* SavedBreedsViewController.swift */,
				9EE5229C288F1A0E00F54439 /* DetailSavedBreedsViewController.swift */,
			);
			path = Controllers;
			sourceTree = "<group>";
		};
		9E50A86F2889E65800806479 /* Model */ = {
			isa = PBXGroup;
			children = (
				9E50A8702889E66B00806479 /* Cat.swift */,
			);
			path = Model;
			sourceTree = "<group>";
		};
		9E50A8722889E8E300806479 /* Networking */ = {
			isa = PBXGroup;
			children = (
				9E50A8732889E8F400806479 /* APIManager.swift */,
				9EA53FAD288B2D74004F7674 /* BreedsStore.swift */,
			);
			path = Networking;
			sourceTree = "<group>";
		};
		9E50A8752889F7B900806479 /* Views */ = {
			isa = PBXGroup;
			children = (
				9E50A87F288A47B100806479 /* Cells */,
				9E50A8762889F7D600806479 /* VotingView.swift */,
				9E50A8782889FC4700806479 /* VotingViewModel.swift */,
			);
			path = Views;
			sourceTree = "<group>";
		};
		9E50A87C288A119300806479 /* Delegates */ = {
			isa = PBXGroup;
			children = (
				9E50A8562889D28200806479 /* AppDelegate.swift */,
				9E50A8582889D28200806479 /* SceneDelegate.swift */,
			);
			path = Delegates;
			sourceTree = "<group>";
		};
		9E50A87F288A47B100806479 /* Cells */ = {
			isa = PBXGroup;
			children = (
				9E50A882288A481500806479 /* BreedCell.swift */,
				9E50A884288A48C900806479 /* BreedCellViewModel.swift */,
			);
			path = Cells;
			sourceTree = "<group>";
		};
		9EE522A0288F815900F54439 /* Utils */ = {
			isa = PBXGroup;
			children = (
				9EA53FAB288B1AC3004F7674 /* LocalState.swift */,
				9EE5229E288F207600F54439 /* Date+Utils.swift */,
			);
			path = Utils;
			sourceTree = "<group>";
		};
		C2E510F2D4DD94AEE689BE0A /* Frameworks */ = {
			isa = PBXGroup;
			children = (
				5AE58B9B595D25630A333A30 /* Pods_PruebaTecnicaIOSCatsApi.framework */,
			);
			name = Frameworks;
			sourceTree = "<group>";
		};
/* End PBXGroup section */

/* Begin PBXNativeTarget section */
		9E50A8522889D28200806479 /* PruebaTecnicaIOSCatsApi */ = {
			isa = PBXNativeTarget;
			buildConfigurationList = 9E50A8672889D28500806479 /* Build configuration list for PBXNativeTarget "PruebaTecnicaIOSCatsApi" */;
			buildPhases = (
				C3082D734E3EEC12A96268A2 /* [CP] Check Pods Manifest.lock */,
				9E50A84F2889D28200806479 /* Sources */,
				9E50A8502889D28200806479 /* Frameworks */,
				9E50A8512889D28200806479 /* Resources */,
				10172662E1B8E4D3DAB19A28 /* [CP] Embed Pods Frameworks */,
			);
			buildRules = (
			);
			dependencies = (
			);
			name = PruebaTecnicaIOSCatsApi;
			productName = PruebaTecnicaIOSCatsApi;
			productReference = 9E50A8532889D28200806479 /* PruebaTecnicaIOSCatsApi.app */;
			productType = "com.apple.product-type.application";
		};
/* End PBXNativeTarget section */

/* Begin PBXProject section */
		9E50A84B2889D28100806479 /* Project object */ = {
			isa = PBXProject;
			attributes = {
				BuildIndependentTargetsInParallel = 1;
				LastSwiftUpdateCheck = 1330;
				LastUpgradeCheck = 1330;
				TargetAttributes = {
					9E50A8522889D28200806479 = {
						CreatedOnToolsVersion = 13.3;
					};
				};
			};
			buildConfigurationList = 9E50A84E2889D28200806479 /* Build configuration list for PBXProject "PruebaTecnicaIOSCatsApi" */;
			compatibilityVersion = "Xcode 13.0";
			developmentRegion = en;
			hasScannedForEncodings = 0;
			knownRegions = (
				en,
				Base,
			);
			mainGroup = 9E50A84A2889D28100806479;
			productRefGroup = 9E50A8542889D28200806479 /* Products */;
			projectDirPath = "";
			projectRoot = "";
			targets = (
				9E50A8522889D28200806479 /* PruebaTecnicaIOSCatsApi */,
			);
		};
/* End PBXProject section */

/* Begin PBXResourcesBuildPhase section */
		9E50A8512889D28200806479 /* Resources */ = {
			isa = PBXResourcesBuildPhase;
			buildActionMask = 2147483647;
			files = (
				9E50A8632889D28500806479 /* LaunchScreen.storyboard in Resources */,
				9E50A8602889D28500806479 /* Assets.xcassets in Resources */,
				9E50A85E2889D28200806479 /* Main.storyboard in Resources */,
			);
			runOnlyForDeploymentPostprocessing = 0;
		};
/* End PBXResourcesBuildPhase section */

/* Begin PBXShellScriptBuildPhase section */
		10172662E1B8E4D3DAB19A28 /* [CP] Embed Pods Frameworks */ = {
			isa = PBXShellScriptBuildPhase;
			buildActionMask = 2147483647;
			files = (
			);
			inputFileListPaths = (
				"${PODS_ROOT}/Target Support Files/Pods-PruebaTecnicaIOSCatsApi/Pods-PruebaTecnicaIOSCatsApi-frameworks-${CONFIGURATION}-input-files.xcfilelist",
			);
			name = "[CP] Embed Pods Frameworks";
			outputFileListPaths = (
				"${PODS_ROOT}/Target Support Files/Pods-PruebaTecnicaIOSCatsApi/Pods-PruebaTecnicaIOSCatsApi-frameworks-${CONFIGURATION}-output-files.xcfilelist",
			);
			runOnlyForDeploymentPostprocessing = 0;
			shellPath = /bin/sh;
			shellScript = "\"${PODS_ROOT}/Target Support Files/Pods-PruebaTecnicaIOSCatsApi/Pods-PruebaTecnicaIOSCatsApi-frameworks.sh\"\n";
			showEnvVarsInLog = 0;
		};
		C3082D734E3EEC12A96268A2 /* [CP] Check Pods Manifest.lock */ = {
			isa = PBXShellScriptBuildPhase;
			buildActionMask = 2147483647;
			files = (
			);
			inputFileListPaths = (
			);
			inputPaths = (
				"${PODS_PODFILE_DIR_PATH}/Podfile.lock",
				"${PODS_ROOT}/Manifest.lock",
			);
			name = "[CP] Check Pods Manifest.lock";
			outputFileListPaths = (
			);
			outputPaths = (
				"$(DERIVED_FILE_DIR)/Pods-PruebaTecnicaIOSCatsApi-checkManifestLockResult.txt",
			);
			runOnlyForDeploymentPostprocessing = 0;
			shellPath = /bin/sh;
			shellScript = "diff \"${PODS_PODFILE_DIR_PATH}/Podfile.lock\" \"${PODS_ROOT}/Manifest.lock\" > /dev/null\nif [ $? != 0 ] ; then\n    # print error to STDERR\n    echo \"error: The sandbox is not in sync with the Podfile.lock. Run 'pod install' or update your CocoaPods installation.\" >&2\n    exit 1\nfi\n# This output is used by Xcode 'outputs' to avoid re-running this script phase.\necho \"SUCCESS\" > \"${SCRIPT_OUTPUT_FILE_0}\"\n";
			showEnvVarsInLog = 0;
		};
/* End PBXShellScriptBuildPhase section */

/* Begin PBXSourcesBuildPhase section */
		9E50A84F2889D28200806479 /* Sources */ = {
			isa = PBXSourcesBuildPhase;
			buildActionMask = 2147483647;
			files = (
				9E50A8742889E8F400806479 /* APIManager.swift in Sources */,
				9E50A87E288A40A200806479 /* SavedBreedsViewController.swift in Sources */,
				9E50A8572889D28200806479 /* AppDelegate.swift in Sources */,
				9E50A8592889D28200806479 /* SceneDelegate.swift in Sources */,
				9E50A8792889FC4700806479 /* VotingViewModel.swift in Sources */,
				9EE5229F288F207600F54439 /* Date+Utils.swift in Sources */,
				9E50A8772889F7D600806479 /* VotingView.swift in Sources */,
				9EA53FAC288B1AC3004F7674 /* LocalState.swift in Sources */,
				9E50A8712889E66B00806479 /* Cat.swift in Sources */,
				9E50A885288A48C900806479 /* BreedCellViewModel.swift in Sources */,
				9E50A883288A481500806479 /* BreedCell.swift in Sources */,
				9EE5229D288F1A0E00F54439 /* DetailSavedBreedsViewController.swift in Sources */,
				9EA53FAE288B2D74004F7674 /* BreedsStore.swift in Sources */,
				9E50A86B2889D87B00806479 /* HomeViewController.swift in Sources */,
			);
			runOnlyForDeploymentPostprocessing = 0;
		};
/* End PBXSourcesBuildPhase section */

/* Begin PBXVariantGroup section */
		9E50A85C2889D28200806479 /* Main.storyboard */ = {
			isa = PBXVariantGroup;
			children = (
				9E50A85D2889D28200806479 /* Base */,
			);
			name = Main.storyboard;
			sourceTree = "<group>";
		};
		9E50A8612889D28500806479 /* LaunchScreen.storyboard */ = {
			isa = PBXVariantGroup;
			children = (
				9E50A8622889D28500806479 /* Base */,
			);
			name = LaunchScreen.storyboard;
			sourceTree = "<group>";
		};
/* End PBXVariantGroup section */

/* Begin XCBuildConfiguration section */
		9E50A8652889D28500806479 /* Debug */ = {
			isa = XCBuildConfiguration;
			buildSettings = {
				ALWAYS_SEARCH_USER_PATHS = NO;
				CLANG_ANALYZER_NONNULL = YES;
				CLANG_ANALYZER_NUMBER_OBJECT_CONVERSION = YES_AGGRESSIVE;
				CLANG_CXX_LANGUAGE_STANDARD = "gnu++17";
				CLANG_ENABLE_MODULES = YES;
				CLANG_ENABLE_OBJC_ARC = YES;
				CLANG_ENABLE_OBJC_WEAK = YES;
				CLANG_WARN_BLOCK_CAPTURE_AUTORELEASING = YES;
				CLANG_WARN_BOOL_CONVERSION = YES;
				CLANG_WARN_COMMA = YES;
				CLANG_WARN_CONSTANT_CONVERSION = YES;
				CLANG_WARN_DEPRECATED_OBJC_IMPLEMENTATIONS = YES;
				CLANG_WARN_DIRECT_OBJC_ISA_USAGE = YES_ERROR;
				CLANG_WARN_DOCUMENTATION_COMMENTS = YES;
				CLANG_WARN_EMPTY_BODY = YES;
				CLANG_WARN_ENUM_CONVERSION = YES;
				CLANG_WARN_INFINITE_RECURSION = YES;
				CLANG_WARN_INT_CONVERSION = YES;
				CLANG_WARN_NON_LITERAL_NULL_CONVERSION = YES;
				CLANG_WARN_OBJC_IMPLICIT_RETAIN_SELF = YES;
				CLANG_WARN_OBJC_LITERAL_CONVERSION = YES;
				CLANG_WARN_OBJC_ROOT_CLASS = YES_ERROR;
				CLANG_WARN_QUOTED_INCLUDE_IN_FRAMEWORK_HEADER = YES;
				CLANG_WARN_RANGE_LOOP_ANALYSIS = YES;
				CLANG_WARN_STRICT_PROTOTYPES = YES;
				CLANG_WARN_SUSPICIOUS_MOVE = YES;
				CLANG_WARN_UNGUARDED_AVAILABILITY = YES_AGGRESSIVE;
				CLANG_WARN_UNREACHABLE_CODE = YES;
				CLANG_WARN__DUPLICATE_METHOD_MATCH = YES;
				COPY_PHASE_STRIP = NO;
				DEBUG_INFORMATION_FORMAT = dwarf;
				ENABLE_STRICT_OBJC_MSGSEND = YES;
				ENABLE_TESTABILITY = YES;
				GCC_C_LANGUAGE_STANDARD = gnu11;
				GCC_DYNAMIC_NO_PIC = NO;
				GCC_NO_COMMON_BLOCKS = YES;
				GCC_OPTIMIZATION_LEVEL = 0;
				GCC_PREPROCESSOR_DEFINITIONS = (
					"DEBUG=1",
					"$(inherited)",
				);
				GCC_WARN_64_TO_32_BIT_CONVERSION = YES;
				GCC_WARN_ABOUT_RETURN_TYPE = YES_ERROR;
				GCC_WARN_UNDECLARED_SELECTOR = YES;
				GCC_WARN_UNINITIALIZED_AUTOS = YES_AGGRESSIVE;
				GCC_WARN_UNUSED_FUNCTION = YES;
				GCC_WARN_UNUSED_VARIABLE = YES;
				IPHONEOS_DEPLOYMENT_TARGET = 15.4;
				MTL_ENABLE_DEBUG_INFO = INCLUDE_SOURCE;
				MTL_FAST_MATH = YES;
				ONLY_ACTIVE_ARCH = YES;
				SDKROOT = iphoneos;
				SWIFT_ACTIVE_COMPILATION_CONDITIONS = DEBUG;
				SWIFT_OPTIMIZATION_LEVEL = "-Onone";
			};
			name = Debug;
		};
		9E50A8662889D28500806479 /* Release */ = {
			isa = XCBuildConfiguration;
			buildSettings = {
				ALWAYS_SEARCH_USER_PATHS = NO;
				CLANG_ANALYZER_NONNULL = YES;
				CLANG_ANALYZER_NUMBER_OBJECT_CONVERSION = YES_AGGRESSIVE;
				CLANG_CXX_LANGUAGE_STANDARD = "gnu++17";
				CLANG_ENABLE_MODULES = YES;
				CLANG_ENABLE_OBJC_ARC = YES;
				CLANG_ENABLE_OBJC_WEAK = YES;
				CLANG_WARN_BLOCK_CAPTURE_AUTORELEASING = YES;
				CLANG_WARN_BOOL_CONVERSION = YES;
				CLANG_WARN_COMMA = YES;
				CLANG_WARN_CONSTANT_CONVERSION = YES;
				CLANG_WARN_DEPRECATED_OBJC_IMPLEMENTATIONS = YES;
				CLANG_WARN_DIRECT_OBJC_ISA_USAGE = YES_ERROR;
				CLANG_WARN_DOCUMENTATION_COMMENTS = YES;
				CLANG_WARN_EMPTY_BODY = YES;
				CLANG_WARN_ENUM_CONVERSION = YES;
				CLANG_WARN_INFINITE_RECURSION = YES;
				CLANG_WARN_INT_CONVERSION = YES;
				CLANG_WARN_NON_LITERAL_NULL_CONVERSION = YES;
				CLANG_WARN_OBJC_IMPLICIT_RETAIN_SELF = YES;
				CLANG_WARN_OBJC_LITERAL_CONVERSION = YES;
				CLANG_WARN_OBJC_ROOT_CLASS = YES_ERROR;
				CLANG_WARN_QUOTED_INCLUDE_IN_FRAMEWORK_HEADER = YES;
				CLANG_WARN_RANGE_LOOP_ANALYSIS = YES;
				CLANG_WARN_STRICT_PROTOTYPES = YES;
				CLANG_WARN_SUSPICIOUS_MOVE = YES;
				CLANG_WARN_UNGUARDED_AVAILABILITY = YES_AGGRESSIVE;
				CLANG_WARN_UNREACHABLE_CODE = YES;
				CLANG_WARN__DUPLICATE_METHOD_MATCH = YES;
				COPY_PHASE_STRIP = NO;
				DEBUG_INFORMATION_FORMAT = "dwarf-with-dsym";
				ENABLE_NS_ASSERTIONS = NO;
				ENABLE_STRICT_OBJC_MSGSEND = YES;
				GCC_C_LANGUAGE_STANDARD = gnu11;
				GCC_NO_COMMON_BLOCKS = YES;
				GCC_WARN_64_TO_32_BIT_CONVERSION = YES;
				GCC_WARN_ABOUT_RETURN_TYPE = YES_ERROR;
				GCC_WARN_UNDECLARED_SELECTOR = YES;
				GCC_WARN_UNINITIALIZED_AUTOS = YES_AGGRESSIVE;
				GCC_WARN_UNUSED_FUNCTION = YES;
				GCC_WARN_UNUSED_VARIABLE = YES;
				IPHONEOS_DEPLOYMENT_TARGET = 15.4;
				MTL_ENABLE_DEBUG_INFO = NO;
				MTL_FAST_MATH = YES;
				SDKROOT = iphoneos;
				SWIFT_COMPILATION_MODE = wholemodule;
				SWIFT_OPTIMIZATION_LEVEL = "-O";
				VALIDATE_PRODUCT = YES;
			};
			name = Release;
		};
		9E50A8682889D28500806479 /* Debug */ = {
			isa = XCBuildConfiguration;
			baseConfigurationReference = B33D212336C6969440111A38 /* Pods-PruebaTecnicaIOSCatsApi.debug.xcconfig */;
			buildSettings = {
				ASSETCATALOG_COMPILER_APPICON_NAME = AppIcon;
				ASSETCATALOG_COMPILER_GLOBAL_ACCENT_COLOR_NAME = AccentColor;
				CODE_SIGN_STYLE = Automatic;
				CURRENT_PROJECT_VERSION = 1;
				GENERATE_INFOPLIST_FILE = YES;
				INFOPLIST_FILE = PruebaTecnicaIOSCatsApi/Info.plist;
				INFOPLIST_KEY_UIApplicationSupportsIndirectInputEvents = YES;
				INFOPLIST_KEY_UILaunchStoryboardName = LaunchScreen;
				INFOPLIST_KEY_UIMainStoryboardFile = Main;
				INFOPLIST_KEY_UISupportedInterfaceOrientations_iPad = "UIInterfaceOrientationPortrait UIInterfaceOrientationPortraitUpsideDown UIInterfaceOrientationLandscapeLeft UIInterfaceOrientationLandscapeRight";
				INFOPLIST_KEY_UISupportedInterfaceOrientations_iPhone = "UIInterfaceOrientationPortrait UIInterfaceOrientationLandscapeLeft UIInterfaceOrientationLandscapeRight";
				LD_RUNPATH_SEARCH_PATHS = (
					"$(inherited)",
					"@executable_path/Frameworks",
				);
				MARKETING_VERSION = 1.0;
				PRODUCT_BUNDLE_IDENTIFIER = QuintoCossio.PruebaTecnicaIOSCatsApi;
				PRODUCT_NAME = "$(TARGET_NAME)";
				SWIFT_EMIT_LOC_STRINGS = YES;
				SWIFT_VERSION = 5.0;
				TARGETED_DEVICE_FAMILY = "1,2";
			};
			name = Debug;
		};
		9E50A8692889D28500806479 /* Release */ = {
			isa = XCBuildConfiguration;
			baseConfigurationReference = 8206B137EA8115DB9799AF45 /* Pods-PruebaTecnicaIOSCatsApi.release.xcconfig */;
			buildSettings = {
				ASSETCATALOG_COMPILER_APPICON_NAME = AppIcon;
				ASSETCATALOG_COMPILER_GLOBAL_ACCENT_COLOR_NAME = AccentColor;
				CODE_SIGN_STYLE = Automatic;
				CURRENT_PROJECT_VERSION = 1;
				GENERATE_INFOPLIST_FILE = YES;
				INFOPLIST_FILE = PruebaTecnicaIOSCatsApi/Info.plist;
				INFOPLIST_KEY_UIApplicationSupportsIndirectInputEvents = YES;
				INFOPLIST_KEY_UILaunchStoryboardName = LaunchScreen;
				INFOPLIST_KEY_UIMainStoryboardFile = Main;
				INFOPLIST_KEY_UISupportedInterfaceOrientations_iPad = "UIInterfaceOrientationPortrait UIInterfaceOrientationPortraitUpsideDown UIInterfaceOrientationLandscapeLeft UIInterfaceOrientationLandscapeRight";
				INFOPLIST_KEY_UISupportedInterfaceOrientations_iPhone = "UIInterfaceOrientationPortrait UIInterfaceOrientationLandscapeLeft UIInterfaceOrientationLandscapeRight";
				LD_RUNPATH_SEARCH_PATHS = (
					"$(inherited)",
					"@executable_path/Frameworks",
				);
				MARKETING_VERSION = 1.0;
				PRODUCT_BUNDLE_IDENTIFIER = QuintoCossio.PruebaTecnicaIOSCatsApi;
				PRODUCT_NAME = "$(TARGET_NAME)";
				SWIFT_EMIT_LOC_STRINGS = YES;
				SWIFT_VERSION = 5.0;
				TARGETED_DEVICE_FAMILY = "1,2";
			};
			name = Release;
		};
/* End XCBuildConfiguration section */

/* Begin XCConfigurationList section */
		9E50A84E2889D28200806479 /* Build configuration list for PBXProject "PruebaTecnicaIOSCatsApi" */ = {
			isa = XCConfigurationList;
			buildConfigurations = (
				9E50A8652889D28500806479 /* Debug */,
				9E50A8662889D28500806479 /* Release */,
			);
			defaultConfigurationIsVisible = 0;
			defaultConfigurationName = Release;
		};
		9E50A8672889D28500806479 /* Build configuration list for PBXNativeTarget "PruebaTecnicaIOSCatsApi" */ = {
			isa = XCConfigurationList;
			buildConfigurations = (
				9E50A8682889D28500806479 /* Debug */,
				9E50A8692889D28500806479 /* Release */,
			);
			defaultConfigurationIsVisible = 0;
			defaultConfigurationName = Release;
		};
/* End XCConfigurationList section */
	};
	rootObject = 9E50A84B2889D28100806479 /* Project object */;
}
